
Microsoft Visual Studio Solution File, Format Version 12.00
# Visual Studio Version 16
VisualStudioVersion = 16.0.30503.244
MinimumVisualStudioVersion = 10.0.40219.1
Project("{FAE04EC0-301F-11D3-BF4B-00C04F79EFBC}") = "FitsYourOut", "FitsYourOut\FitsYourOut.csproj", "{3FE60D60-73C0-4CE0-99B4-427E6703898E}"
EndProject
Global
	GlobalSection(SolutionConfigurationPlatforms) = preSolution
		Debug|Any CPU = Debug|Any CPU
		Release|Any CPU = Release|Any CPU
	EndGlobalSection
	GlobalSection(ProjectConfigurationPlatforms) = postSolution
		{3FE60D60-73C0-4CE0-99B4-427E6703898E}.Debug|Any CPU.ActiveCfg = Debug|Any CPU
		{3FE60D60-73C0-4CE0-99B4-427E6703898E}.Debug|Any CPU.Build.0 = Debug|Any CPU
		{3FE60D60-73C0-4CE0-99B4-427E6703898E}.Release|Any CPU.ActiveCfg = Release|Any CPU
		{3FE60D60-73C0-4CE0-99B4-427E6703898E}.Release|Any CPU.Build.0 = Release|Any CPU
	EndGlobalSection
	GlobalSection(SolutionProperties) = preSolution
		HideSolutionNode = FALSE
	EndGlobalSection
	GlobalSection(ExtensibilityGlobals) = postSolution
		SolutionGuid = {650FC49C-E4DE-4F97-9268-B3B627771BC3}
	EndGlobalSection
EndGlobal
